
Microsoft Visual Studio Solution File, Format Version 12.00
# Visual Studio Version 16
VisualStudioVersion = 16.0.29424.173
MinimumVisualStudioVersion = 10.0.40219.1
Project("{FAE04EC0-301F-11D3-BF4B-00C04F79EFBC}") = "AcademicSystem", "AcademicSystem\AcademicSystem.csproj", "{D80EA11F-A3CB-4D0E-AEE9-290117C31C0A}"
EndProject
Global
	GlobalSection(SolutionConfigurationPlatforms) = preSolution
		Debug|Any CPU = Debug|Any CPU
		Release|Any CPU = Release|Any CPU
	EndGlobalSection
	GlobalSection(ProjectConfigurationPlatforms) = postSolution
		{D80EA11F-A3CB-4D0E-AEE9-290117C31C0A}.Debug|Any CPU.ActiveCfg = Debug|Any CPU
		{D80EA11F-A3CB-4D0E-AEE9-290117C31C0A}.Debug|Any CPU.Build.0 = Debug|Any CPU
		{D80EA11F-A3CB-4D0E-AEE9-290117C31C0A}.Release|Any CPU.ActiveCfg = Release|Any CPU
		{D80EA11F-A3CB-4D0E-AEE9-290117C31C0A}.Release|Any CPU.Build.0 = Release|Any CPU
	EndGlobalSection
	GlobalSection(SolutionProperties) = preSolution
		HideSolutionNode = FALSE
	EndGlobalSection
	GlobalSection(ExtensibilityGlobals) = postSolution
		SolutionGuid = {20590AE3-A4ED-4D00-B2CA-363D5E9E8883}
	EndGlobalSection
EndGlobal
